# @generated by Move, please check-in and do not edit manually.

[move]
version = 3
manifest_digest = "8CAA7293F40A95ECC37ACC06738A02AD64ED6F18C8C58F7FDE3D6DEC01B9F354"
deps_digest = "04732BFEF428F74DE262001DC455D76B909EBC394B034A9A15CC095E4BDD9CEF"
dependencies = [
  { id = "Bridge", name = "Bridge" },
  { id = "MoveStdlib", name = "MoveStdlib" },
  { id = "Sui", name = "Sui" },
  { id = "SuiSystem", name = "SuiSystem" },
  { id = "openzeppelin_math", name = "openzeppelin_math" },
]
dev-dependencies = [
  { id = "Pyth", name = "Pyth" },
  { id = "mock_coin", name = "mock_coin" },
]

[[move.package]]
id = "Bridge"
source = { git = "https://github.com/MystenLabs/sui.git", rev = "ad937889f2f99bc666b05aaeadccb0d3d7d1f863", subdir = "crates/sui-framework/packages/bridge" }

dependencies = [
  { id = "MoveStdlib", name = "MoveStdlib" },
  { id = "Sui", name = "Sui" },
  { id = "SuiSystem", name = "SuiSystem" },
]

[[move.package]]
id = "MoveStdlib"
source = { git = "https://github.com/MystenLabs/sui.git", rev = "ad937889f2f99bc666b05aaeadccb0d3d7d1f863", subdir = "crates/sui-framework/packages/move-stdlib" }

[[move.package]]
id = "Pyth"
source = { local = "../pyth-mock" }

dependencies = [
  { id = "Bridge", name = "Bridge" },
  { id = "MoveStdlib", name = "MoveStdlib" },
  { id = "Sui", name = "Sui" },
  { id = "SuiSystem", name = "SuiSystem" },
]

[[move.package]]
id = "Sui"
source = { git = "https://github.com/MystenLabs/sui.git", rev = "ad937889f2f99bc666b05aaeadccb0d3d7d1f863", subdir = "crates/sui-framework/packages/sui-framework" }

dependencies = [
  { id = "MoveStdlib", name = "MoveStdlib" },
]

[[move.package]]
id = "SuiSystem"
source = { git = "https://github.com/MystenLabs/sui.git", rev = "ad937889f2f99bc666b05aaeadccb0d3d7d1f863", subdir = "crates/sui-framework/packages/sui-system" }

dependencies = [
  { id = "MoveStdlib", name = "MoveStdlib" },
  { id = "Sui", name = "Sui" },
]

[[move.package]]
id = "mock_coin"
source = { local = "../coin-mock" }

dependencies = [
  { id = "Bridge", name = "Bridge" },
  { id = "MoveStdlib", name = "MoveStdlib" },
  { id = "Sui", name = "Sui" },
  { id = "SuiSystem", name = "SuiSystem" },
]

[[move.package]]
id = "openzeppelin_math"
source = { git = "https://github.com/OpenZeppelin/contracts-sui.git", rev = "v0.1", subdir = "math/core" }

dependencies = [
  { id = "Bridge", name = "Bridge" },
  { id = "MoveStdlib", name = "MoveStdlib" },
  { id = "Sui", name = "Sui" },
  { id = "SuiSystem", name = "SuiSystem" },
]

[move.toolchain-version]
compiler-version = "1.62.0"
edition = "2024.beta"
flavor = "sui"

[env]

[env.localnet]
chain-id = "6a20fe60"
original-published-id = "0xb977ebfc04dcdcdb62fd2fd2ac0179f3963f36c70c9875304b5dbcfc0f222b51"
latest-published-id = "0xb977ebfc04dcdcdb62fd2fd2ac0179f3963f36c70c9875304b5dbcfc0f222b51"
published-version = "1"
