# Generated by move; do not edit
# This file should be checked in.

[move]
version = 4

[pinned.testnet.MoveStdlib]
source = { git = "https://github.com/MystenLabs/sui.git", subdir = "crates/sui-framework/packages/move-stdlib", rev = "ad937889f2f99bc666b05aaeadccb0d3d7d1f863" }
use_environment = "testnet"
manifest_digest = "C4FE4C91DE74CBF223B2E380AE40F592177D21870DC2D7EB6227D2D694E05363"
deps = {}

[pinned.testnet.Pyth]
source = { local = "../pyth-upstream-patched" }
use_environment = "testnet"
manifest_digest = "2CF90B11003BD01E5E994F3E1A019E00825640B3D7C3FD35E86399375508BC43"
deps = { Sui = "Sui", Wormhole = "Wormhole" }

[pinned.testnet.Sui]
source = { git = "https://github.com/MystenLabs/sui.git", subdir = "crates/sui-framework/packages/sui-framework", rev = "ad937889f2f99bc666b05aaeadccb0d3d7d1f863" }
use_environment = "testnet"
manifest_digest = "7AFB66695545775FBFBB2D3078ADFD084244D5002392E837FDE21D9EA1C6D01C"
deps = { MoveStdlib = "MoveStdlib" }

[pinned.testnet.Wormhole]
source = { local = "../wormhole-upstream-patched" }
use_environment = "testnet"
manifest_digest = "84C86CF483EDD44052570BCE6464DC0DA987165BDC453F929791C8151AD30D01"
deps = { Sui = "Sui" }

[pinned.testnet.sui_oracle_market]
source = { root = true }
use_environment = "testnet"
manifest_digest = "3A0BCB55D15419119C4524FABF4E688EC4F4748070503EC976C789C818F1A1C1"
deps = { pyth = "Pyth", std = "MoveStdlib", sui = "Sui" }
